{
  "lockfile-version": 1,
  "manifest": {
    "schema-version": "1.13.0",
    "install": {
      "rclone": {
        "pkg-path": "rclone"
      },
      "zola": {
        "pkg-path": "zola"
      }
    },
    "hook": {
      "on-activate": "  git submodule update --init\n"
    },
    "options": {},
    "services": {
      "zola": {
        "command": "zola serve --drafts"
      }
    }
  },
  "packages": [
    {
      "attr_path": "rclone",
      "broken": false,
      "derivation": "/nix/store/fjqd726a18w8n7k6bgj00bhyqn38dylh-rclone-1.74.3.drv",
      "description": "Command line program to sync files and directories to and from major cloud storage",
      "install_id": "rclone",
      "license": "MIT",
      "locked_url": "https://github.com/flox/nixpkgs?rev=d407951447dcd00442e97087bf374aad70c04cea",
      "name": "rclone-1.74.3",
      "pname": "rclone",
      "rev": "d407951447dcd00442e97087bf374aad70c04cea",
      "rev_count": 1027867,
      "rev_date": "2026-07-05T04:06:12Z",
      "scrape_date": "2026-07-06T03:14:27.457131Z",
      "stabilities": [
        "staging",
        "unstable"
      ],
      "unfree": false,
      "version": "1.74.3",
      "outputs_to_install": [
        "man",
        "out"
      ],
      "outputs": {
        "man": "/nix/store/94bphghly1m59bk9idnjp63ykm79jg83-rclone-1.74.3-man",
        "out": "/nix/store/c563qxi688k2bcddg33xzzqd6dq8ifhz-rclone-1.74.3"
      },
      "system": "aarch64-darwin",
      "group": "toplevel",
      "priority": 5
    },
    {
      "attr_path": "rclone",
      "broken": false,
      "derivation": "/nix/store/mpg7755ihyibwlqb0j7w5n5rw7mqgl1w-rclone-1.74.3.drv",
      "description": "Command line program to sync files and directories to and from major cloud storage",
      "install_id": "rclone",
      "license": "MIT",
      "locked_url": "https://github.com/flox/nixpkgs?rev=d407951447dcd00442e97087bf374aad70c04cea",
      "name": "rclone-1.74.3",
      "pname": "rclone",
      "rev": "d407951447dcd00442e97087bf374aad70c04cea",
      "rev_count": 1027867,
      "rev_date": "2026-07-05T04:06:12Z",
      "scrape_date": "2026-07-06T03:43:23.453767Z",
      "stabilities": [
        "staging",
        "unstable"
      ],
      "unfree": false,
      "version": "1.74.3",
      "outputs_to_install": [
        "man",
        "out"
      ],
      "outputs": {
        "man": "/nix/store/i8i0lp78a7mxw5dxgs5mk240zrgfq70x-rclone-1.74.3-man",
        "out": "/nix/store/w0ajkwygqd8mizqn8a2cf6wd0l4745a6-rclone-1.74.3"
      },
      "system": "aarch64-linux",
      "group": "toplevel",
      "priority": 5
    },
    {
      "attr_path": "rclone",
      "broken": false,
      "derivation": "/nix/store/j3nm6zfz5s168ndvzaam6jl1g9bfhxmj-rclone-1.74.3.drv",
      "description": "Command line program to sync files and directories to and from major cloud storage",
      "install_id": "rclone",
      "license": "MIT",
      "locked_url": "https://github.com/flox/nixpkgs?rev=d407951447dcd00442e97087bf374aad70c04cea",
      "name": "rclone-1.74.3",
      "pname": "rclone",
      "rev": "d407951447dcd00442e97087bf374aad70c04cea",
      "rev_count": 1027867,
      "rev_date": "2026-07-05T04:06:12Z",
      "scrape_date": "2026-07-06T04:10:55.468385Z",
      "stabilities": [
        "staging",
        "unstable"
      ],
      "unfree": false,
      "version": "1.74.3",
      "outputs_to_install": [
        "man",
        "out"
      ],
      "outputs": {
        "man": "/nix/store/h20hwjgi8h9xxk9hlblyplfw1vwcmcx1-rclone-1.74.3-man",
        "out": "/nix/store/fwszcx361z81h49w0xyz3n244x68wh38-rclone-1.74.3"
      },
      "system": "x86_64-darwin",
      "group": "toplevel",
      "priority": 5
    },
    {
      "attr_path": "rclone",
      "broken": false,
      "derivation": "/nix/store/2v975wjb5yyyf7a7f19dks0z9m44h448-rclone-1.74.3.drv",
      "description": "Command line program to sync files and directories to and from major cloud storage",
      "install_id": "rclone",
      "license": "MIT",
      "locked_url": "https://github.com/flox/nixpkgs?rev=d407951447dcd00442e97087bf374aad70c04cea",
      "name": "rclone-1.74.3",
      "pname": "rclone",
      "rev": "d407951447dcd00442e97087bf374aad70c04cea",
      "rev_count": 1027867,
      "rev_date": "2026-07-05T04:06:12Z",
      "scrape_date": "2026-07-06T04:42:34.115754Z",
      "stabilities": [
        "staging",
        "unstable"
      ],
      "unfree": false,
      "version": "1.74.3",
      "outputs_to_install": [
        "man",
        "out"
      ],
      "outputs": {
        "man": "/nix/store/js1kafm1x6z7gfrnxvvzvpmhnh4ma99h-rclone-1.74.3-man",
        "out": "/nix/store/m9sbm4jgjrh20wx3jpxiczpa5ml74gc9-rclone-1.74.3"
      },
      "system": "x86_64-linux",
      "group": "toplevel",
      "priority": 5
    },
    {
      "attr_path": "zola",
      "broken": false,
      "derivation": "/nix/store/j3i79wv9k43dk3k93hxpzxmgzwk0m7wb-zola-0.22.1.drv",
      "description": "Fast static site generator with everything built-in",
      "install_id": "zola",
      "license": "MIT",
      "locked_url": "https://github.com/flox/nixpkgs?rev=d407951447dcd00442e97087bf374aad70c04cea",
      "name": "zola-0.22.1",
      "pname": "zola",
      "rev": "d407951447dcd00442e97087bf374aad70c04cea",
      "rev_count": 1027867,
      "rev_date": "2026-07-05T04:06:12Z",
      "scrape_date": "2026-07-06T03:15:56.040918Z",
      "stabilities": [
        "staging",
        "unstable"
      ],
      "unfree": false,
      "version": "0.22.1",
      "outputs_to_install": [
        "out"
      ],
      "outputs": {
        "out": "/nix/store/hjcfic84izcgbqfh1g6c7r5a0avs6ml1-zola-0.22.1"
      },
      "system": "aarch64-darwin",
      "group": "toplevel",
      "priority": 5
    },
    {
      "attr_path": "zola",
      "broken": false,
      "derivation": "/nix/store/n0hwxgqy0qjfknxp9x31wys68fwl01z6-zola-0.22.1.drv",
      "description": "Fast static site generator with everything built-in",
      "install_id": "zola",
      "license": "MIT",
      "locked_url": "https://github.com/flox/nixpkgs?rev=d407951447dcd00442e97087bf374aad70c04cea",
      "name": "zola-0.22.1",
      "pname": "zola",
      "rev": "d407951447dcd00442e97087bf374aad70c04cea",
      "rev_count": 1027867,
      "rev_date": "2026-07-05T04:06:12Z",
      "scrape_date": "2026-07-06T03:45:11.258404Z",
      "stabilities": [
        "staging",
        "unstable"
      ],
      "unfree": false,
      "version": "0.22.1",
      "outputs_to_install": [
        "out"
      ],
      "outputs": {
        "out": "/nix/store/4d2xy279qg6628yr0j1f9ibr838bb7y5-zola-0.22.1"
      },
      "system": "aarch64-linux",
      "group": "toplevel",
      "priority": 5
    },
    {
      "attr_path": "zola",
      "broken": false,
      "derivation": "/nix/store/zcp9lcb2syv09r8w8i597kzf5mhcf6ia-zola-0.22.1.drv",
      "description": "Fast static site generator with everything built-in",
      "install_id": "zola",
      "license": "MIT",
      "locked_url": "https://github.com/flox/nixpkgs?rev=d407951447dcd00442e97087bf374aad70c04cea",
      "name": "zola-0.22.1",
      "pname": "zola",
      "rev": "d407951447dcd00442e97087bf374aad70c04cea",
      "rev_count": 1027867,
      "rev_date": "2026-07-05T04:06:12Z",
      "scrape_date": "2026-07-06T04:12:45.851518Z",
      "stabilities": [
        "staging",
        "unstable"
      ],
      "unfree": false,
      "version": "0.22.1",
      "outputs_to_install": [
        "out"
      ],
      "outputs": {
        "out": "/nix/store/dzb03wnqa1z0z7xiyw8b6c4jwfb9qhnl-zola-0.22.1"
      },
      "system": "x86_64-darwin",
      "group": "toplevel",
      "priority": 5
    },
    {
      "attr_path": "zola",
      "broken": false,
      "derivation": "/nix/store/793vnid78cvn7yn5hbz54vrc5baxsi8d-zola-0.22.1.drv",
      "description": "Fast static site generator with everything built-in",
      "install_id": "zola",
      "license": "MIT",
      "locked_url": "https://github.com/flox/nixpkgs?rev=d407951447dcd00442e97087bf374aad70c04cea",
      "name": "zola-0.22.1",
      "pname": "zola",
      "rev": "d407951447dcd00442e97087bf374aad70c04cea",
      "rev_count": 1027867,
      "rev_date": "2026-07-05T04:06:12Z",
      "scrape_date": "2026-07-06T04:44:34.561278Z",
      "stabilities": [
        "staging",
        "unstable"
      ],
      "unfree": false,
      "version": "0.22.1",
      "outputs_to_install": [
        "out"
      ],
      "outputs": {
        "out": "/nix/store/354zj18zk4a8f6487b955s2h2vz37bd0-zola-0.22.1"
      },
      "system": "x86_64-linux",
      "group": "toplevel",
      "priority": 5
    }
  ]
}
