{
  "lockfile-version": 1,
  "manifest": {
    "version": 1,
    "install": {
      "hugo": {
        "pkg-path": "hugo"
      },
      "rclone": {
        "pkg-path": "rclone"
      }
    },
    "hook": {
      "on-activate": "  git submodule update --init\n"
    },
    "options": {}
  },
  "packages": [
    {
      "attr_path": "hugo",
      "broken": false,
      "derivation": "/nix/store/plx5v67shlqh64qzp6pr544cdqjcnakz-hugo-0.140.1.drv",
      "description": "Fast and modern static website engine",
      "install_id": "hugo",
      "license": "Apache-2.0",
      "locked_url": "https://github.com/flox/nixpkgs?rev=88195a94f390381c6afcdaa933c2f6ff93959cb4",
      "name": "hugo-0.140.1",
      "pname": "hugo",
      "rev": "88195a94f390381c6afcdaa933c2f6ff93959cb4",
      "rev_count": 729683,
      "rev_date": "2024-12-29T11:18:24Z",
      "scrape_date": "2024-12-31T03:56:31Z",
      "stabilities": [
        "unstable"
      ],
      "unfree": false,
      "version": "0.140.1",
      "outputs_to_install": [
        "out"
      ],
      "outputs": {
        "out": "/nix/store/y4c90mmwbaia1rdzpbcz56kmmaa68fpc-hugo-0.140.1"
      },
      "system": "aarch64-darwin",
      "group": "toplevel",
      "priority": 5
    },
    {
      "attr_path": "hugo",
      "broken": false,
      "derivation": "/nix/store/cbfij0j309pl9649rqwbvv16jz5lfm8i-hugo-0.140.1.drv",
      "description": "Fast and modern static website engine",
      "install_id": "hugo",
      "license": "Apache-2.0",
      "locked_url": "https://github.com/flox/nixpkgs?rev=88195a94f390381c6afcdaa933c2f6ff93959cb4",
      "name": "hugo-0.140.1",
      "pname": "hugo",
      "rev": "88195a94f390381c6afcdaa933c2f6ff93959cb4",
      "rev_count": 729683,
      "rev_date": "2024-12-29T11:18:24Z",
      "scrape_date": "2024-12-31T03:56:31Z",
      "stabilities": [
        "unstable"
      ],
      "unfree": false,
      "version": "0.140.1",
      "outputs_to_install": [
        "out"
      ],
      "outputs": {
        "out": "/nix/store/3zvzcirakj85i9q97k3ibqqmhgzxssdi-hugo-0.140.1"
      },
      "system": "aarch64-linux",
      "group": "toplevel",
      "priority": 5
    },
    {
      "attr_path": "hugo",
      "broken": false,
      "derivation": "/nix/store/qyklzqayw9669ny9sapzpyznvdq08xk1-hugo-0.140.1.drv",
      "description": "Fast and modern static website engine",
      "install_id": "hugo",
      "license": "Apache-2.0",
      "locked_url": "https://github.com/flox/nixpkgs?rev=88195a94f390381c6afcdaa933c2f6ff93959cb4",
      "name": "hugo-0.140.1",
      "pname": "hugo",
      "rev": "88195a94f390381c6afcdaa933c2f6ff93959cb4",
      "rev_count": 729683,
      "rev_date": "2024-12-29T11:18:24Z",
      "scrape_date": "2024-12-31T03:56:31Z",
      "stabilities": [
        "unstable"
      ],
      "unfree": false,
      "version": "0.140.1",
      "outputs_to_install": [
        "out"
      ],
      "outputs": {
        "out": "/nix/store/klsmszglf4wxa79frq5dmrx2rca8n1gq-hugo-0.140.1"
      },
      "system": "x86_64-darwin",
      "group": "toplevel",
      "priority": 5
    },
    {
      "attr_path": "hugo",
      "broken": false,
      "derivation": "/nix/store/6i9f7f0bj2872jmjxn9yihvx6v6fgqj5-hugo-0.140.1.drv",
      "description": "Fast and modern static website engine",
      "install_id": "hugo",
      "license": "Apache-2.0",
      "locked_url": "https://github.com/flox/nixpkgs?rev=88195a94f390381c6afcdaa933c2f6ff93959cb4",
      "name": "hugo-0.140.1",
      "pname": "hugo",
      "rev": "88195a94f390381c6afcdaa933c2f6ff93959cb4",
      "rev_count": 729683,
      "rev_date": "2024-12-29T11:18:24Z",
      "scrape_date": "2024-12-31T03:56:31Z",
      "stabilities": [
        "unstable"
      ],
      "unfree": false,
      "version": "0.140.1",
      "outputs_to_install": [
        "out"
      ],
      "outputs": {
        "out": "/nix/store/1vg2jmr4z9467q1cb8zzck7l1jwi1hq1-hugo-0.140.1"
      },
      "system": "x86_64-linux",
      "group": "toplevel",
      "priority": 5
    },
    {
      "attr_path": "rclone",
      "broken": false,
      "derivation": "/nix/store/j9pwkamsfjy9sw9bwnj1dac2q5gq4nfb-rclone-1.68.2.drv",
      "description": "Command line program to sync files and directories to and from major cloud storage",
      "install_id": "rclone",
      "license": "MIT",
      "locked_url": "https://github.com/flox/nixpkgs?rev=88195a94f390381c6afcdaa933c2f6ff93959cb4",
      "name": "rclone-1.68.2",
      "pname": "rclone",
      "rev": "88195a94f390381c6afcdaa933c2f6ff93959cb4",
      "rev_count": 729683,
      "rev_date": "2024-12-29T11:18:24Z",
      "scrape_date": "2024-12-31T03:56:31Z",
      "stabilities": [
        "unstable"
      ],
      "unfree": false,
      "version": "1.68.2",
      "outputs_to_install": [
        "out",
        "man"
      ],
      "outputs": {
        "man": "/nix/store/xps2zcgvnklhhb6wz6fy4rmhrr8g4vzj-rclone-1.68.2-man",
        "out": "/nix/store/hhwf7f8m75svc9srml3fwxa2d9kpzpwi-rclone-1.68.2"
      },
      "system": "aarch64-darwin",
      "group": "toplevel",
      "priority": 5
    },
    {
      "attr_path": "rclone",
      "broken": false,
      "derivation": "/nix/store/dx86mcddwiavs6gp6smp6qzxg75kj6xn-rclone-1.68.2.drv",
      "description": "Command line program to sync files and directories to and from major cloud storage",
      "install_id": "rclone",
      "license": "MIT",
      "locked_url": "https://github.com/flox/nixpkgs?rev=88195a94f390381c6afcdaa933c2f6ff93959cb4",
      "name": "rclone-1.68.2",
      "pname": "rclone",
      "rev": "88195a94f390381c6afcdaa933c2f6ff93959cb4",
      "rev_count": 729683,
      "rev_date": "2024-12-29T11:18:24Z",
      "scrape_date": "2024-12-31T03:56:31Z",
      "stabilities": [
        "unstable"
      ],
      "unfree": false,
      "version": "1.68.2",
      "outputs_to_install": [
        "out",
        "man"
      ],
      "outputs": {
        "man": "/nix/store/35dbcmmr2mskjcyq4yrjiscdrg1f5g6y-rclone-1.68.2-man",
        "out": "/nix/store/pls1xz8l8gi79ijcj22nwjlb2gn0izhv-rclone-1.68.2"
      },
      "system": "aarch64-linux",
      "group": "toplevel",
      "priority": 5
    },
    {
      "attr_path": "rclone",
      "broken": false,
      "derivation": "/nix/store/9hpi0hayaxdxdvwfk0358dnl7pqfxxia-rclone-1.68.2.drv",
      "description": "Command line program to sync files and directories to and from major cloud storage",
      "install_id": "rclone",
      "license": "MIT",
      "locked_url": "https://github.com/flox/nixpkgs?rev=88195a94f390381c6afcdaa933c2f6ff93959cb4",
      "name": "rclone-1.68.2",
      "pname": "rclone",
      "rev": "88195a94f390381c6afcdaa933c2f6ff93959cb4",
      "rev_count": 729683,
      "rev_date": "2024-12-29T11:18:24Z",
      "scrape_date": "2024-12-31T03:56:31Z",
      "stabilities": [
        "unstable"
      ],
      "unfree": false,
      "version": "1.68.2",
      "outputs_to_install": [
        "out",
        "man"
      ],
      "outputs": {
        "man": "/nix/store/s6qy68napc9ks4xa34ni6i92y822g1ba-rclone-1.68.2-man",
        "out": "/nix/store/dk9qhvwdikkl26di0d1nqaqgh9wncz4r-rclone-1.68.2"
      },
      "system": "x86_64-darwin",
      "group": "toplevel",
      "priority": 5
    },
    {
      "attr_path": "rclone",
      "broken": false,
      "derivation": "/nix/store/zy553zbdl47l81y9xgfc90fp2vz9h1cg-rclone-1.68.2.drv",
      "description": "Command line program to sync files and directories to and from major cloud storage",
      "install_id": "rclone",
      "license": "MIT",
      "locked_url": "https://github.com/flox/nixpkgs?rev=88195a94f390381c6afcdaa933c2f6ff93959cb4",
      "name": "rclone-1.68.2",
      "pname": "rclone",
      "rev": "88195a94f390381c6afcdaa933c2f6ff93959cb4",
      "rev_count": 729683,
      "rev_date": "2024-12-29T11:18:24Z",
      "scrape_date": "2024-12-31T03:56:31Z",
      "stabilities": [
        "unstable"
      ],
      "unfree": false,
      "version": "1.68.2",
      "outputs_to_install": [
        "out",
        "man"
      ],
      "outputs": {
        "man": "/nix/store/p439l1y67r1x0aqd2862knv4l0h3kgrf-rclone-1.68.2-man",
        "out": "/nix/store/irfa3qfp079zjnff7vkjkac6z0w21vxi-rclone-1.68.2"
      },
      "system": "x86_64-linux",
      "group": "toplevel",
      "priority": 5
    }
  ]
}
